{
  "version": 4,
  "terraform_version": "1.13.1",
  "serial": 24,
  "lineage": "10d76dce-a6fc-1a23-806b-71ffd645297b",
  "outputs": {},
  "resources": [
    {
      "mode": "data",
      "type": "archive_file",
      "name": "hello_world",
      "provider": "provider[\"registry.terraform.io/hashicorp/archive\"]",
      "instances": [
        {
          "schema_version": 0,
          "attributes": {
            "exclude_symlink_directories": null,
            "excludes": null,
            "id": "cfdc084f51fa0c6ebea9e8fc913f72ac9079d29b",
            "output_base64sha256": "iH/j83MjUh7QWcjwm2iMoeCQn0R59pzGe7i/j9T1Cqk=",
            "output_base64sha512": "d9+d2+6iI7CTUk0YLYA5MYIUOT1trBSXm91znmo7VUlFJTVdC0vc0UiKMq62Qf3uPamw3woV29LGdsyqamRkNw==",
            "output_file_mode": null,
            "output_md5": "9193d91b902d41938faab87d3e317ac9",
            "output_path": "./lambda/hello_world.zip",
            "output_sha": "cfdc084f51fa0c6ebea9e8fc913f72ac9079d29b",
            "output_sha256": "887fe3f37323521ed059c8f09b688ca1e0909f4479f69cc67bb8bf8fd4f50aa9",
            "output_sha512": "77df9ddbeea223b093524d182d8039318214393d6dac14979bdd739e6a3b55494525355d0b4bdcd1488a32aeb641fdee3da9b0df0a15dbd2c676ccaa6a646437",
            "output_size": 340,
            "source": [],
            "source_content": null,
            "source_content_filename": null,
            "source_dir": null,
            "source_file": "./lambda/hello_world.py",
            "type": "zip"
          },
          "sensitive_attributes": [],
          "identity_schema_version": 0
        }
      ]
    },
    {
      "mode": "data",
      "type": "aws_iam_policy_document",
      "name": "assume_role",
      "provider": "provider[\"registry.terraform.io/hashicorp/aws\"]",
      "instances": [
        {
          "schema_version": 0,
          "attributes": {
            "id": "2690255455",
            "json": "{\n  \"Version\": \"2012-10-17\",\n  \"Statement\": [\n    {\n      \"Effect\": \"Allow\",\n      \"Action\": \"sts:AssumeRole\",\n      \"Principal\": {\n        \"Service\": \"lambda.amazonaws.com\"\n      }\n    }\n  ]\n}",
            "minified_json": "{\"Version\":\"2012-10-17\",\"Statement\":[{\"Effect\":\"Allow\",\"Action\":\"sts:AssumeRole\",\"Principal\":{\"Service\":\"lambda.amazonaws.com\"}}]}",
            "override_json": null,
            "override_policy_documents": null,
            "policy_id": null,
            "source_json": null,
            "source_policy_documents": null,
            "statement": [
              {
                "actions": [
                  "sts:AssumeRole"
                ],
                "condition": [],
                "effect": "Allow",
                "not_actions": [],
                "not_principals": [],
                "not_resources": [],
                "principals": [
                  {
                    "identifiers": [
                      "lambda.amazonaws.com"
                    ],
                    "type": "Service"
                  }
                ],
                "resources": [],
                "sid": ""
              }
            ],
            "version": "2012-10-17"
          },
          "sensitive_attributes": [],
          "identity_schema_version": 0
        }
      ]
    },
    {
      "mode": "data",
      "type": "aws_iam_policy_document",
      "name": "lambda_policy",
      "provider": "provider[\"registry.terraform.io/hashicorp/aws\"]",
      "instances": [
        {
          "schema_version": 0,
          "attributes": {
            "id": "450006922",
            "json": "{\n  \"Version\": \"2012-10-17\",\n  \"Statement\": [\n    {\n      \"Sid\": \"AllowPublishToMyTopic\",\n      \"Effect\": \"Allow\",\n      \"Action\": \"sns:Publish\",\n      \"Resource\": \"arn:aws:sns:us-west-1:211125496730:Hello_world_topic\"\n    }\n  ]\n}",
            "minified_json": "{\"Version\":\"2012-10-17\",\"Statement\":[{\"Sid\":\"AllowPublishToMyTopic\",\"Effect\":\"Allow\",\"Action\":\"sns:Publish\",\"Resource\":\"arn:aws:sns:us-west-1:211125496730:Hello_world_topic\"}]}",
            "override_json": null,
            "override_policy_documents": null,
            "policy_id": null,
            "source_json": null,
            "source_policy_documents": null,
            "statement": [
              {
                "actions": [
                  "sns:Publish"
                ],
                "condition": [],
                "effect": "Allow",
                "not_actions": [],
                "not_principals": [],
                "not_resources": [],
                "principals": [],
                "resources": [
                  "arn:aws:sns:us-west-1:211125496730:Hello_world_topic"
                ],
                "sid": "AllowPublishToMyTopic"
              }
            ],
            "version": "2012-10-17"
          },
          "sensitive_attributes": [],
          "identity_schema_version": 0
        }
      ]
    },
    {
      "mode": "managed",
      "type": "aws_cloudwatch_event_rule",
      "name": "event_schedule",
      "provider": "provider[\"registry.terraform.io/hashicorp/aws\"]",
      "instances": [
        {
          "schema_version": 1,
          "attributes": {
            "arn": "arn:aws:events:us-west-1:211125496730:rule/Hello-World-rule",
            "description": "Triggers the Lambda on a schedule",
            "event_bus_name": "default",
            "event_pattern": null,
            "force_destroy": false,
            "id": "Hello-World-rule",
            "is_enabled": true,
            "name": "Hello-World-rule",
            "name_prefix": "",
            "region": "us-west-1",
            "role_arn": "",
            "schedule_expression": "cron(* * * * ? *)",
            "state": "ENABLED",
            "tags": {},
            "tags_all": {}
          },
          "sensitive_attributes": [],
          "identity_schema_version": 0,
          "identity": {
            "account_id": "211125496730",
            "name": "Hello-World-rule",
            "region": "us-west-1"
          },
          "private": "eyJzY2hlbWFfdmVyc2lvbiI6IjEifQ=="
        }
      ]
    },
    {
      "mode": "managed",
      "type": "aws_cloudwatch_event_target",
      "name": "event_target",
      "provider": "provider[\"registry.terraform.io/hashicorp/aws\"]",
      "instances": [
        {
          "schema_version": 1,
          "attributes": {
            "appsync_target": [],
            "arn": "arn:aws:lambda:us-west-1:211125496730:function:Hello-World_lambda_function",
            "batch_target": [],
            "dead_letter_config": [],
            "ecs_target": [],
            "event_bus_name": "default",
            "force_destroy": false,
            "http_target": [],
            "id": "Hello-World-rule-hello_world_trigger",
            "input": "",
            "input_path": "",
            "input_transformer": [],
            "kinesis_target": [],
            "redshift_target": [],
            "region": "us-west-1",
            "retry_policy": [],
            "role_arn": "",
            "rule": "Hello-World-rule",
            "run_command_targets": [],
            "sagemaker_pipeline_target": [],
            "sqs_target": [],
            "target_id": "hello_world_trigger"
          },
          "sensitive_attributes": [],
          "identity_schema_version": 0,
          "identity": {
            "account_id": "211125496730",
            "event_bus_name": "default",
            "region": "us-west-1",
            "rule": "Hello-World-rule",
            "target_id": "hello_world_trigger"
          },
          "private": "eyJzY2hlbWFfdmVyc2lvbiI6IjEifQ==",
          "dependencies": [
            "aws_cloudwatch_event_rule.event_schedule",
            "aws_iam_role.hello_world_role",
            "aws_lambda_function.hello_world",
            "aws_sns_topic.hello_world",
            "data.archive_file.hello_world",
            "data.aws_iam_policy_document.assume_role"
          ]
        }
      ]
    },
    {
      "mode": "managed",
      "type": "aws_iam_policy",
      "name": "lambda_inline",
      "provider": "provider[\"registry.terraform.io/hashicorp/aws\"]",
      "instances": [
        {
          "schema_version": 0,
          "attributes": {
            "arn": "arn:aws:iam::211125496730:policy/Hello-World-lambda-policy",
            "attachment_count": 1,
            "description": "",
            "id": "arn:aws:iam::211125496730:policy/Hello-World-lambda-policy",
            "name": "Hello-World-lambda-policy",
            "name_prefix": "",
            "path": "/",
            "policy": "{\"Statement\":[{\"Action\":\"sns:Publish\",\"Effect\":\"Allow\",\"Resource\":\"arn:aws:sns:us-west-1:211125496730:Hello_world_topic\",\"Sid\":\"AllowPublishToMyTopic\"}],\"Version\":\"2012-10-17\"}",
            "policy_id": "ANPATCKAPNONM5IONMLBX",
            "tags": {},
            "tags_all": {}
          },
          "sensitive_attributes": [],
          "identity_schema_version": 0,
          "identity": {
            "arn": "arn:aws:iam::211125496730:policy/Hello-World-lambda-policy"
          },
          "private": "bnVsbA==",
          "dependencies": [
            "aws_sns_topic.hello_world",
            "data.aws_iam_policy_document.lambda_policy"
          ]
        }
      ]
    },
    {
      "mode": "managed",
      "type": "aws_iam_role",
      "name": "hello_world_role",
      "provider": "provider[\"registry.terraform.io/hashicorp/aws\"]",
      "instances": [
        {
          "schema_version": 0,
          "attributes": {
            "arn": "arn:aws:iam::211125496730:role/Hello-World_lambda_role",
            "assume_role_policy": "{\"Statement\":[{\"Action\":\"sts:AssumeRole\",\"Effect\":\"Allow\",\"Principal\":{\"Service\":\"lambda.amazonaws.com\"}}],\"Version\":\"2012-10-17\"}",
            "create_date": "2025-09-01T12:02:55Z",
            "description": "",
            "force_detach_policies": false,
            "id": "Hello-World_lambda_role",
            "inline_policy": [],
            "managed_policy_arns": [
              "arn:aws:iam::211125496730:policy/Hello-World-lambda-policy"
            ],
            "max_session_duration": 3600,
            "name": "Hello-World_lambda_role",
            "name_prefix": "",
            "path": "/",
            "permissions_boundary": "",
            "tags": {},
            "tags_all": {},
            "unique_id": "AROATCKAPNONHXBCRN5AR"
          },
          "sensitive_attributes": [],
          "identity_schema_version": 0,
          "identity": {
            "account_id": "211125496730",
            "name": "Hello-World_lambda_role"
          },
          "private": "bnVsbA==",
          "dependencies": [
            "data.aws_iam_policy_document.assume_role"
          ]
        }
      ]
    },
    {
      "mode": "managed",
      "type": "aws_iam_role_policy_attachment",
      "name": "attach",
      "provider": "provider[\"registry.terraform.io/hashicorp/aws\"]",
      "instances": [
        {
          "schema_version": 0,
          "attributes": {
            "id": "Hello-World_lambda_role/arn:aws:iam::211125496730:policy/Hello-World-lambda-policy",
            "policy_arn": "arn:aws:iam::211125496730:policy/Hello-World-lambda-policy",
            "role": "Hello-World_lambda_role"
          },
          "sensitive_attributes": [],
          "identity_schema_version": 0,
          "identity": {
            "account_id": "211125496730",
            "policy_arn": "arn:aws:iam::211125496730:policy/Hello-World-lambda-policy",
            "role": "Hello-World_lambda_role"
          },
          "private": "bnVsbA==",
          "dependencies": [
            "aws_iam_policy.lambda_inline",
            "aws_iam_role.hello_world_role",
            "aws_sns_topic.hello_world",
            "data.aws_iam_policy_document.assume_role",
            "data.aws_iam_policy_document.lambda_policy"
          ]
        }
      ]
    },
    {
      "mode": "managed",
      "type": "aws_lambda_function",
      "name": "hello_world",
      "provider": "provider[\"registry.terraform.io/hashicorp/aws\"]",
      "instances": [
        {
          "schema_version": 0,
          "attributes": {
            "architectures": [
              "x86_64"
            ],
            "arn": "arn:aws:lambda:us-west-1:211125496730:function:Hello-World_lambda_function",
            "code_sha256": "iH/j83MjUh7QWcjwm2iMoeCQn0R59pzGe7i/j9T1Cqk=",
            "code_signing_config_arn": "",
            "dead_letter_config": [],
            "description": "",
            "environment": [
              {
                "variables": {
                  "MESSAGE": "Hello World!",
                  "TOPIC_ARN": "arn:aws:sns:us-west-1:211125496730:Hello_world_topic"
                }
              }
            ],
            "ephemeral_storage": [
              {
                "size": 512
              }
            ],
            "file_system_config": [],
            "filename": "./lambda/hello_world.zip",
            "function_name": "Hello-World_lambda_function",
            "handler": "hello_world.lambda_handler",
            "id": "Hello-World_lambda_function",
            "image_config": [],
            "image_uri": "",
            "invoke_arn": "arn:aws:apigateway:us-west-1:lambda:path/2015-03-31/functions/arn:aws:lambda:us-west-1:211125496730:function:Hello-World_lambda_function/invocations",
            "kms_key_arn": "",
            "last_modified": "2025-09-01T12:03:08.256+0000",
            "layers": [],
            "logging_config": [
              {
                "application_log_level": "",
                "log_format": "Text",
                "log_group": "/aws/lambda/Hello-World_lambda_function",
                "system_log_level": ""
              }
            ],
            "memory_size": 128,
            "package_type": "Zip",
            "publish": false,
            "qualified_arn": "arn:aws:lambda:us-west-1:211125496730:function:Hello-World_lambda_function:$LATEST",
            "qualified_invoke_arn": "arn:aws:apigateway:us-west-1:lambda:path/2015-03-31/functions/arn:aws:lambda:us-west-1:211125496730:function:Hello-World_lambda_function:$LATEST/invocations",
            "region": "us-west-1",
            "replace_security_groups_on_destroy": null,
            "replacement_security_group_ids": null,
            "reserved_concurrent_executions": -1,
            "role": "arn:aws:iam::211125496730:role/Hello-World_lambda_role",
            "runtime": "python3.12",
            "s3_bucket": null,
            "s3_key": null,
            "s3_object_version": null,
            "signing_job_arn": "",
            "signing_profile_version_arn": "",
            "skip_destroy": false,
            "snap_start": [],
            "source_code_hash": "iH/j83MjUh7QWcjwm2iMoeCQn0R59pzGe7i/j9T1Cqk=",
            "source_code_size": 340,
            "tags": {},
            "tags_all": {},
            "timeout": 3,
            "timeouts": null,
            "tracing_config": [
              {
                "mode": "PassThrough"
              }
            ],
            "version": "$LATEST",
            "vpc_config": []
          },
          "sensitive_attributes": [],
          "identity_schema_version": 0,
          "identity": {
            "account_id": "211125496730",
            "function_name": "Hello-World_lambda_function",
            "region": "us-west-1"
          },
          "private": "eyJlMmJmYjczMC1lY2FhLTExZTYtOGY4OC0zNDM2M2JjN2M0YzAiOnsiY3JlYXRlIjo2MDAwMDAwMDAwMDAsImRlbGV0ZSI6NjAwMDAwMDAwMDAwLCJ1cGRhdGUiOjYwMDAwMDAwMDAwMH19",
          "dependencies": [
            "aws_iam_role.hello_world_role",
            "aws_sns_topic.hello_world",
            "data.archive_file.hello_world",
            "data.aws_iam_policy_document.assume_role"
          ]
        }
      ]
    },
    {
      "mode": "managed",
      "type": "aws_lambda_permission",
      "name": "allow_events",
      "provider": "provider[\"registry.terraform.io/hashicorp/aws\"]",
      "instances": [
        {
          "schema_version": 0,
          "attributes": {
            "action": "lambda:InvokeFunction",
            "event_source_token": null,
            "function_name": "Hello-World_lambda_function",
            "function_url_auth_type": null,
            "id": "AllowExecutionFromEventBridge",
            "principal": "events.amazonaws.com",
            "principal_org_id": null,
            "qualifier": "",
            "region": "us-west-1",
            "source_account": null,
            "source_arn": "arn:aws:events:us-west-1:211125496730:rule/Hello-World-rule",
            "statement_id": "AllowExecutionFromEventBridge",
            "statement_id_prefix": ""
          },
          "sensitive_attributes": [],
          "identity_schema_version": 0,
          "identity": {
            "account_id": "211125496730",
            "function_name": "Hello-World_lambda_function",
            "qualifier": null,
            "region": "us-west-1",
            "statement_id": "AllowExecutionFromEventBridge"
          },
          "private": "bnVsbA==",
          "dependencies": [
            "aws_cloudwatch_event_rule.event_schedule",
            "aws_iam_role.hello_world_role",
            "aws_lambda_function.hello_world",
            "aws_sns_topic.hello_world",
            "data.archive_file.hello_world",
            "data.aws_iam_policy_document.assume_role"
          ]
        }
      ]
    },
    {
      "mode": "managed",
      "type": "aws_sns_topic",
      "name": "hello_world",
      "provider": "provider[\"registry.terraform.io/hashicorp/aws\"]",
      "instances": [
        {
          "schema_version": 0,
          "attributes": {
            "application_failure_feedback_role_arn": "",
            "application_success_feedback_role_arn": "",
            "application_success_feedback_sample_rate": 0,
            "archive_policy": "",
            "arn": "arn:aws:sns:us-west-1:211125496730:Hello_world_topic",
            "beginning_archive_time": "",
            "content_based_deduplication": false,
            "delivery_policy": "",
            "display_name": "",
            "fifo_throughput_scope": "",
            "fifo_topic": false,
            "firehose_failure_feedback_role_arn": "",
            "firehose_success_feedback_role_arn": "",
            "firehose_success_feedback_sample_rate": 0,
            "http_failure_feedback_role_arn": "",
            "http_success_feedback_role_arn": "",
            "http_success_feedback_sample_rate": 0,
            "id": "arn:aws:sns:us-west-1:211125496730:Hello_world_topic",
            "kms_master_key_id": "",
            "lambda_failure_feedback_role_arn": "",
            "lambda_success_feedback_role_arn": "",
            "lambda_success_feedback_sample_rate": 0,
            "name": "Hello_world_topic",
            "name_prefix": "",
            "owner": "211125496730",
            "policy": "{\"Id\":\"__default_policy_ID\",\"Statement\":[{\"Action\":[\"SNS:GetTopicAttributes\",\"SNS:SetTopicAttributes\",\"SNS:AddPermission\",\"SNS:RemovePermission\",\"SNS:DeleteTopic\",\"SNS:Subscribe\",\"SNS:ListSubscriptionsByTopic\",\"SNS:Publish\"],\"Condition\":{\"StringEquals\":{\"AWS:SourceOwner\":\"211125496730\"}},\"Effect\":\"Allow\",\"Principal\":{\"AWS\":\"*\"},\"Resource\":\"arn:aws:sns:us-west-1:211125496730:Hello_world_topic\",\"Sid\":\"__default_statement_ID\"}],\"Version\":\"2008-10-17\"}",
            "region": "us-west-1",
            "signature_version": 0,
            "sqs_failure_feedback_role_arn": "",
            "sqs_success_feedback_role_arn": "",
            "sqs_success_feedback_sample_rate": 0,
            "tags": {},
            "tags_all": {},
            "tracing_config": ""
          },
          "sensitive_attributes": [],
          "identity_schema_version": 0,
          "identity": {
            "arn": "arn:aws:sns:us-west-1:211125496730:Hello_world_topic"
          },
          "private": "bnVsbA=="
        }
      ]
    },
    {
      "mode": "managed",
      "type": "aws_sns_topic_subscription",
      "name": "email",
      "provider": "provider[\"registry.terraform.io/hashicorp/aws\"]",
      "instances": [
        {
          "schema_version": 0,
          "attributes": {
            "arn": "arn:aws:sns:us-west-1:211125496730:Hello_world_topic:c156b14a-041f-40e8-aa61-2486912349ed",
            "confirmation_timeout_in_minutes": 1,
            "confirmation_was_authenticated": false,
            "delivery_policy": "",
            "endpoint": "marjanovic.galaxy@gmail.com",
            "endpoint_auto_confirms": false,
            "filter_policy": "",
            "filter_policy_scope": "",
            "id": "arn:aws:sns:us-west-1:211125496730:Hello_world_topic:c156b14a-041f-40e8-aa61-2486912349ed",
            "owner_id": "211125496730",
            "pending_confirmation": false,
            "protocol": "email",
            "raw_message_delivery": false,
            "redrive_policy": "",
            "region": "us-west-1",
            "replay_policy": "",
            "subscription_role_arn": "",
            "topic_arn": "arn:aws:sns:us-west-1:211125496730:Hello_world_topic"
          },
          "sensitive_attributes": [],
          "identity_schema_version": 0,
          "identity": {
            "arn": "arn:aws:sns:us-west-1:211125496730:Hello_world_topic:c156b14a-041f-40e8-aa61-2486912349ed"
          },
          "private": "bnVsbA==",
          "dependencies": [
            "aws_sns_topic.hello_world"
          ]
        }
      ]
    }
  ],
  "check_results": null
}
